# This file is automatically @generated by Cargo.
# It is not intended for manual editing.
version = 4

[[package]]
name = "mt-cli"
version = "0.1.0"
dependencies = [
 "mt-core",
 "mt-pipeline",
]

[[package]]
name = "mt-core"
version = "0.1.0"

[[package]]
name = "mt-discovery"
version = "0.1.0"
dependencies = [
 "mt-core",
]

[[package]]
name = "mt-fetch"
version = "0.1.0"
dependencies = [
 "mt-core",
 "mt-subtitles",
]

[[package]]
name = "mt-media"
version = "0.1.0"
dependencies = [
 "mt-core",
]

[[package]]
name = "mt-ml"
version = "0.1.0"
dependencies = [
 "mt-core",
]

[[package]]
name = "mt-pipeline"
version = "0.1.0"
dependencies = [
 "mt-core",
 "mt-discovery",
 "mt-fetch",
 "mt-media",
 "mt-ml",
 "mt-subtitles",
]

[[package]]
name = "mt-subtitles"
version = "0.1.0"
dependencies = [
 "mt-core",
]
